
Microsoft Visual Studio Solution File, Format Version 12.00
Project("{2150E333-8FDC-42A3-9474-1A3956D46DE8}") = "src", "src", "{7794A2B2-18BF-4676-80B5-A79668C124BD}"
EndProject
Project("{FAE04EC0-301F-11D3-BF4B-00C04F79EFBC}") = "CleanCQRS.Domain", "src\CleanCQRS.Domain\CleanCQRS.Domain.csproj", "{D4F09173-CFDE-44B5-A2B2-701A0C86258C}"
EndProject
Project("{FAE04EC0-301F-11D3-BF4B-00C04F79EFBC}") = "CleanCQRS.Application", "src\CleanCQRS.Application\CleanCQRS.Application.csproj", "{13C9AF01-5944-40E0-942C-CCADA7A70B50}"
EndProject
Project("{FAE04EC0-301F-11D3-BF4B-00C04F79EFBC}") = "CleanCQRS.Infrastructure", "src\CleanCQRS.Infrastructure\CleanCQRS.Infrastructure.csproj", "{AC24365E-3AB4-4C6B-897E-CC6D6F94486F}"
EndProject
Project("{FAE04EC0-301F-11D3-BF4B-00C04F79EFBC}") = "CleanCQRS.API", "src\CleanCQRS.API\CleanCQRS.API.csproj", "{327515EC-3009-4DFC-AAC0-A2FC5D4A90FC}"
EndProject
Project("{FAE04EC0-301F-11D3-BF4B-00C04F79EFBC}") = "CleanCQRS.Dashboard", "src\CleanCQRS.Dashboard\CleanCQRS.Dashboard.csproj", "{CC9E9E3E-7EB4-4BFF-9514-101F0F67757A}"
EndProject
Project("{FAE04EC0-301F-11D3-BF4B-00C04F79EFBC}") = "CleanCQRS.Web", "src\CleanCQRS.Web\CleanCQRS.Web.csproj", "{5E749203-BBC0-4313-81A4-6C55931FE8B6}"
EndProject
Global
	GlobalSection(SolutionConfigurationPlatforms) = preSolution
		Debug|Any CPU = Debug|Any CPU
		Release|Any CPU = Release|Any CPU
	EndGlobalSection
	GlobalSection(ProjectConfigurationPlatforms) = postSolution
		{D4F09173-CFDE-44B5-A2B2-701A0C86258C}.Debug|Any CPU.ActiveCfg = Debug|Any CPU
		{D4F09173-CFDE-44B5-A2B2-701A0C86258C}.Debug|Any CPU.Build.0 = Debug|Any CPU
		{D4F09173-CFDE-44B5-A2B2-701A0C86258C}.Release|Any CPU.ActiveCfg = Release|Any CPU
		{D4F09173-CFDE-44B5-A2B2-701A0C86258C}.Release|Any CPU.Build.0 = Release|Any CPU
		{13C9AF01-5944-40E0-942C-CCADA7A70B50}.Debug|Any CPU.ActiveCfg = Debug|Any CPU
		{13C9AF01-5944-40E0-942C-CCADA7A70B50}.Debug|Any CPU.Build.0 = Debug|Any CPU
		{13C9AF01-5944-40E0-942C-CCADA7A70B50}.Release|Any CPU.ActiveCfg = Release|Any CPU
		{13C9AF01-5944-40E0-942C-CCADA7A70B50}.Release|Any CPU.Build.0 = Release|Any CPU
		{AC24365E-3AB4-4C6B-897E-CC6D6F94486F}.Debug|Any CPU.ActiveCfg = Debug|Any CPU
		{AC24365E-3AB4-4C6B-897E-CC6D6F94486F}.Debug|Any CPU.Build.0 = Debug|Any CPU
		{AC24365E-3AB4-4C6B-897E-CC6D6F94486F}.Release|Any CPU.ActiveCfg = Release|Any CPU
		{AC24365E-3AB4-4C6B-897E-CC6D6F94486F}.Release|Any CPU.Build.0 = Release|Any CPU
		{327515EC-3009-4DFC-AAC0-A2FC5D4A90FC}.Debug|Any CPU.ActiveCfg = Debug|Any CPU
		{327515EC-3009-4DFC-AAC0-A2FC5D4A90FC}.Debug|Any CPU.Build.0 = Debug|Any CPU
		{327515EC-3009-4DFC-AAC0-A2FC5D4A90FC}.Release|Any CPU.ActiveCfg = Release|Any CPU
		{327515EC-3009-4DFC-AAC0-A2FC5D4A90FC}.Release|Any CPU.Build.0 = Release|Any CPU
		{CC9E9E3E-7EB4-4BFF-9514-101F0F67757A}.Debug|Any CPU.ActiveCfg = Debug|Any CPU
		{CC9E9E3E-7EB4-4BFF-9514-101F0F67757A}.Debug|Any CPU.Build.0 = Debug|Any CPU
		{CC9E9E3E-7EB4-4BFF-9514-101F0F67757A}.Release|Any CPU.ActiveCfg = Release|Any CPU
		{CC9E9E3E-7EB4-4BFF-9514-101F0F67757A}.Release|Any CPU.Build.0 = Release|Any CPU
		{5E749203-BBC0-4313-81A4-6C55931FE8B6}.Debug|Any CPU.ActiveCfg = Debug|Any CPU
		{5E749203-BBC0-4313-81A4-6C55931FE8B6}.Debug|Any CPU.Build.0 = Debug|Any CPU
		{5E749203-BBC0-4313-81A4-6C55931FE8B6}.Release|Any CPU.ActiveCfg = Release|Any CPU
		{5E749203-BBC0-4313-81A4-6C55931FE8B6}.Release|Any CPU.Build.0 = Release|Any CPU
	EndGlobalSection
	GlobalSection(NestedProjects) = preSolution
		{D4F09173-CFDE-44B5-A2B2-701A0C86258C} = {7794A2B2-18BF-4676-80B5-A79668C124BD}
		{13C9AF01-5944-40E0-942C-CCADA7A70B50} = {7794A2B2-18BF-4676-80B5-A79668C124BD}
		{AC24365E-3AB4-4C6B-897E-CC6D6F94486F} = {7794A2B2-18BF-4676-80B5-A79668C124BD}
		{327515EC-3009-4DFC-AAC0-A2FC5D4A90FC} = {7794A2B2-18BF-4676-80B5-A79668C124BD}
		{CC9E9E3E-7EB4-4BFF-9514-101F0F67757A} = {7794A2B2-18BF-4676-80B5-A79668C124BD}
		{5E749203-BBC0-4313-81A4-6C55931FE8B6} = {7794A2B2-18BF-4676-80B5-A79668C124BD}
	EndGlobalSection
EndGlobal
